
Microsoft Visual Studio Solution File, Format Version 12.00
# Visual Studio Version 17
VisualStudioVersion = 17.8.34511.84
MinimumVisualStudioVersion = 10.0.40219.1
Project("{FAE04EC0-301F-11D3-BF4B-00C04F79EFBC}") = "Casting-Operator overloading-Indexer", "Casting-Operator overloading-Indexer\Casting-Operator overloading-Indexer.csproj", "{8F689D75-7FB9-4902-8A18-9467FF378EF8}"
EndProject
Global
	GlobalSection(SolutionConfigurationPlatforms) = preSolution
		Debug|Any CPU = Debug|Any CPU
		Release|Any CPU = Release|Any CPU
	EndGlobalSection
	GlobalSection(ProjectConfigurationPlatforms) = postSolution
		{8F689D75-7FB9-4902-8A18-9467FF378EF8}.Debug|Any CPU.ActiveCfg = Debug|Any CPU
		{8F689D75-7FB9-4902-8A18-9467FF378EF8}.Debug|Any CPU.Build.0 = Debug|Any CPU
		{8F689D75-7FB9-4902-8A18-9467FF378EF8}.Release|Any CPU.ActiveCfg = Release|Any CPU
		{8F689D75-7FB9-4902-8A18-9467FF378EF8}.Release|Any CPU.Build.0 = Release|Any CPU
	EndGlobalSection
	GlobalSection(SolutionProperties) = preSolution
		HideSolutionNode = FALSE
	EndGlobalSection
	GlobalSection(ExtensibilityGlobals) = postSolution
		SolutionGuid = {CCF14766-94E7-4DE7-BEFE-AE78D656EEC9}
	EndGlobalSection
EndGlobal
